
Microsoft Visual Studio Solution File, Format Version 12.00
# Visual Studio Version 17
VisualStudioVersion = 17.1.32414.318
MinimumVisualStudioVersion = 10.0.40219.1
Project("{9A19103F-16F7-4668-BE54-9A1E7A4F7556}") = "AuthenticationService", "AuthenticationService\AuthenticationService.csproj", "{A30182CC-6A56-4C3C-A545-2BDCF44C16F7}"
EndProject
Project("{FAE04EC0-301F-11D3-BF4B-00C04F79EFBC}") = "IntegrationTests", "IntegrationTests\IntegrationTests.csproj", "{DCE3DAC7-08BA-493F-8FEC-E7C4B9FAA758}"
EndProject
Global
	GlobalSection(SolutionConfigurationPlatforms) = preSolution
		Debug|Any CPU = Debug|Any CPU
		Release|Any CPU = Release|Any CPU
	EndGlobalSection
	GlobalSection(ProjectConfigurationPlatforms) = postSolution
		{A30182CC-6A56-4C3C-A545-2BDCF44C16F7}.Debug|Any CPU.ActiveCfg = Debug|Any CPU
		{A30182CC-6A56-4C3C-A545-2BDCF44C16F7}.Debug|Any CPU.Build.0 = Debug|Any CPU
		{A30182CC-6A56-4C3C-A545-2BDCF44C16F7}.Release|Any CPU.ActiveCfg = Release|Any CPU
		{A30182CC-6A56-4C3C-A545-2BDCF44C16F7}.Release|Any CPU.Build.0 = Release|Any CPU
		{DCE3DAC7-08BA-493F-8FEC-E7C4B9FAA758}.Debug|Any CPU.ActiveCfg = Debug|Any CPU
		{DCE3DAC7-08BA-493F-8FEC-E7C4B9FAA758}.Debug|Any CPU.Build.0 = Debug|Any CPU
		{DCE3DAC7-08BA-493F-8FEC-E7C4B9FAA758}.Release|Any CPU.ActiveCfg = Release|Any CPU
		{DCE3DAC7-08BA-493F-8FEC-E7C4B9FAA758}.Release|Any CPU.Build.0 = Release|Any CPU
	EndGlobalSection
	GlobalSection(SolutionProperties) = preSolution
		HideSolutionNode = FALSE
	EndGlobalSection
	GlobalSection(ExtensibilityGlobals) = postSolution
		SolutionGuid = {105DF484-2F83-481B-B048-524E300E0980}
	EndGlobalSection
EndGlobal
